
Microsoft Visual Studio Solution File, Format Version 12.00
# Visual Studio Version 17
VisualStudioVersion = 17.13.35931.197 d17.13
MinimumVisualStudioVersion = 10.0.40219.1
Project("{FAE04EC0-301F-11D3-BF4B-00C04F79EFBC}") = "Habilitations2024", "Habilitations2024.csproj", "{207AB6DE-978E-42E8-9A87-406EEF79EDD9}"
EndProject
Global
	GlobalSection(SolutionConfigurationPlatforms) = preSolution
		Debug|Any CPU = Debug|Any CPU
		Release|Any CPU = Release|Any CPU
	EndGlobalSection
	GlobalSection(ProjectConfigurationPlatforms) = postSolution
		{207AB6DE-978E-42E8-9A87-406EEF79EDD9}.Debug|Any CPU.ActiveCfg = Debug|Any CPU
		{207AB6DE-978E-42E8-9A87-406EEF79EDD9}.Debug|Any CPU.Build.0 = Debug|Any CPU
		{207AB6DE-978E-42E8-9A87-406EEF79EDD9}.Release|Any CPU.ActiveCfg = Release|Any CPU
		{207AB6DE-978E-42E8-9A87-406EEF79EDD9}.Release|Any CPU.Build.0 = Release|Any CPU
	EndGlobalSection
	GlobalSection(SolutionProperties) = preSolution
		HideSolutionNode = FALSE
	EndGlobalSection
	GlobalSection(ExtensibilityGlobals) = postSolution
		SolutionGuid = {6E316325-BF7B-4857-8B04-568A1AAAD812}
	EndGlobalSection
EndGlobal
